
Microsoft Visual Studio Solution File, Format Version 12.00
# Visual Studio Version 16
VisualStudioVersion = 16.0.30611.23
MinimumVisualStudioVersion = 10.0.40219.1
Project("{FAE04EC0-301F-11D3-BF4B-00C04F79EFBC}") = "imageandsound", "imageandsound.csproj", "{1F4649D6-8CB5-4918-90AB-4D606B0AAF30}"
EndProject
Global
	GlobalSection(SolutionConfigurationPlatforms) = preSolution
		Debug|Any CPU = Debug|Any CPU
		Release|Any CPU = Release|Any CPU
	EndGlobalSection
	GlobalSection(ProjectConfigurationPlatforms) = postSolution
		{1F4649D6-8CB5-4918-90AB-4D606B0AAF30}.Debug|Any CPU.ActiveCfg = Debug|Any CPU
		{1F4649D6-8CB5-4918-90AB-4D606B0AAF30}.Debug|Any CPU.Build.0 = Debug|Any CPU
		{1F4649D6-8CB5-4918-90AB-4D606B0AAF30}.Release|Any CPU.ActiveCfg = Release|Any CPU
		{1F4649D6-8CB5-4918-90AB-4D606B0AAF30}.Release|Any CPU.Build.0 = Release|Any CPU
	EndGlobalSection
	GlobalSection(SolutionProperties) = preSolution
		HideSolutionNode = FALSE
	EndGlobalSection
	GlobalSection(ExtensibilityGlobals) = postSolution
		SolutionGuid = {2CD9A49C-055E-46F8-95E2-867EA3808581}
	EndGlobalSection
EndGlobal
